// !$*UTF8*$!
{
	archiveVersion = 1;
	classes = {
	};
	objectVersion = 77;
	objects = {

/* Begin PBXContainerItemProxy section */
		54DB769C2FC0CA2700A386AB /* PBXContainerItemProxy */ = {
			isa = PBXContainerItemProxy;
			containerPortal = 54DB76862FC0CA2500A386AB /* Project object */;
			proxyType = 1;
			remoteGlobalIDString = 54DB768D2FC0CA2500A386AB;
			remoteInfo = VoiceTextApp;
		};
		54DB76A62FC0CA2700A386AB /* PBXContainerItemProxy */ = {
			isa = PBXContainerItemProxy;
			containerPortal = 54DB76862FC0CA2500A386AB /* Project object */;
			proxyType = 1;
			remoteGlobalIDString = 54DB768D2FC0CA2500A386AB;
			remoteInfo = VoiceTextApp;
		};
/* End PBXContainerItemProxy section */

/* Begin PBXFileReference section */
		54DB768E2FC0CA2500A386AB /* VoiceTextApp.app */ = {isa = PBXFileReference; explicitFileType = wrapper.application; includeInIndex = 0; path = VoiceTextApp.app; sourceTree = BUILT_PRODUCTS_DIR; };
		54DB769B2FC0CA2700A386AB /* VoiceTextAppTests.xctest */ = {isa = PBXFileReference; explicitFileType = wrapper.cfbundle; includeInIndex = 0; path = VoiceTextAppTests.xctest; sourceTree = BUILT_PRODUCTS_DIR; };
		54DB76A52FC0CA2700A386AB /* VoiceTextAppUITests.xctest */ = {isa = PBXFileReference; explicitFileType = wrapper.cfbundle; includeInIndex = 0; path = VoiceTextAppUITests.xctest; sourceTree = BUILT_PRODUCTS_DIR; };
/* End PBXFileReference section */

/* Begin PBXFileSystemSynchronizedRootGroup section */
		54DB76902FC0CA2500A386AB /* VoiceTextApp */ = {
			isa = PBXFileSystemSynchronizedRootGroup;
			path = VoiceTextApp;
			sourceTree = "<group>";
		};
		54DB769E2FC0CA2700A386AB /* VoiceTextAppTests */ = {
			isa = PBXFileSystemSynchronizedRootGroup;
			path = VoiceTextAppTests;
			sourceTree = "<group>";
		};
		54DB76A82FC0CA2700A386AB /* VoiceTextAppUITests */ = {
			isa = PBXFileSystemSynchronizedRootGroup;
			path = VoiceTextAppUITests;
			sourceTree = "<group>";
		};
/* End PBXFileSystemSynchronizedRootGroup section */

/* Begin PBXFrameworksBuildPhase section */
		54DB768B2FC0CA2500A386AB /* Frameworks */ = {
			isa = PBXFrameworksBuildPhase;
			buildActionMask = 2147483647;
			files = (
			);
			runOnlyForDeploymentPostprocessing = 0;
		};
		54DB76982FC0CA2700A386AB /* Frameworks */ = {
			isa = PBXFrameworksBuildPhase;
			buildActionMask = 2147483647;
			files = (
			);
			runOnlyForDeploymentPostprocessing = 0;
		};
		54DB76A22FC0CA2700A386AB /* Frameworks */ = {
			isa = PBXFrameworksBuildPhase;
			buildActionMask = 2147483647;
			files = (
			);
			runOnlyForDeploymentPostprocessing = 0;
		};
/* End PBXFrameworksBuildPhase section */

/* Begin PBXGroup section */
		54DB76852FC0CA2500A386AB = {
			isa = PBXGroup;
			children = (
				54DB76902FC0CA2500A386AB /* VoiceTextApp */,
				54DB769E2FC0CA2700A386AB /* VoiceTextAppTests */,
				54DB76A82FC0CA2700A386AB /* VoiceTextAppUITests */,
				54DB768F2FC0CA2500A386AB /* Products */,
			);
			sourceTree = "<group>";
		};
		54DB768F2FC0CA2500A386AB /* Products */ = {
			isa = PBXGroup;
			children = (
				54DB768E2FC0CA2500A386AB /* VoiceTextApp.app */,
				54DB769B2FC0CA2700A386AB /* VoiceTextAppTests.xctest */,
				54DB76A52FC0CA2700A386AB /* VoiceTextAppUITests.xctest */,
			);
			name = Products;
			sourceTree = "<group>";
		};
/* End PBXGroup section */

/* Begin PBXNativeTarget section */
		54DB768D2FC0CA2500A386AB /* VoiceTextApp */ = {
			isa = PBXNativeTarget;
			buildConfigurationList = 54DB76AF2FC0CA2700A386AB /* Build configuration list for PBXNativeTarget "VoiceTextApp" */;
			buildPhases = (
				54DB768A2FC0CA2500A386AB /* Sources */,
				54DB768B2FC0CA2500A386AB /* Frameworks */,
				54DB768C2FC0CA2500A386AB /* Resources */,
			);
			buildRules = (
			);
			dependencies = (
			);
			fileSystemSynchronizedGroups = (
				54DB76902FC0CA2500A386AB /* VoiceTextApp */,
			);
			name = VoiceTextApp;
			packageProductDependencies = (
			);
			productName = VoiceTextApp;
			productReference = 54DB768E2FC0CA2500A386AB /* VoiceTextApp.app */;
			productType = "com.apple.product-type.application";
		};
		54DB769A2FC0CA2700A386AB /* VoiceTextAppTests */ = {
			isa = PBXNativeTarget;
			buildConfigurationList = 54DB76B22FC0CA2700A386AB /* Build configuration list for PBXNativeTarget "VoiceTextAppTests" */;
			buildPhases = (
				54DB76972FC0CA2700A386AB /* Sources */,
				54DB76982FC0CA2700A386AB /* Frameworks */,
				54DB76992FC0CA2700A386AB /* Resources */,
			);
			buildRules = (
			);
			dependencies = (
				54DB769D2FC0CA2700A386AB /* PBXTargetDependency */,
			);
			fileSystemSynchronizedGroups = (
				54DB769E2FC0CA2700A386AB /* VoiceTextAppTests */,
			);
			name = VoiceTextAppTests;
			packageProductDependencies = (
			);
			productName = VoiceTextAppTests;
			productReference = 54DB769B2FC0CA2700A386AB /* VoiceTextAppTests.xctest */;
			productType = "com.apple.product-type.bundle.unit-test";
		};
		54DB76A42FC0CA2700A386AB /* VoiceTextAppUITests */ = {
			isa = PBXNativeTarget;
			buildConfigurationList = 54DB76B52FC0CA2700A386AB /* Build configuration list for PBXNativeTarget "VoiceTextAppUITests" */;
			buildPhases = (
				54DB76A12FC0CA2700A386AB /* Sources */,
				54DB76A22FC0CA2700A386AB /* Frameworks */,
				54DB76A32FC0CA2700A386AB /* Resources */,
			);
			buildRules = (
			);
			dependencies = (
				54DB76A72FC0CA2700A386AB /* PBXTargetDependency */,
			);
			fileSystemSynchronizedGroups = (
				54DB76A82FC0CA2700A386AB /* VoiceTextAppUITests */,
			);
			name = VoiceTextAppUITests;
			packageProductDependencies = (
			);
			productName = VoiceTextAppUITests;
			productReference = 54DB76A52FC0CA2700A386AB /* VoiceTextAppUITests.xctest */;
			productType = "com.apple.product-type.bundle.ui-testing";
		};
/* End PBXNativeTarget section */

/* Begin PBXProject section */
		54DB76862FC0CA2500A386AB /* Project object */ = {
			isa = PBXProject;
			attributes = {
				BuildIndependentTargetsInParallel = 1;
				LastSwiftUpdateCheck = 2600;
				LastUpgradeCheck = 2600;
				TargetAttributes = {
					54DB768D2FC0CA2500A386AB = {
						CreatedOnToolsVersion = 26.0;
					};
					54DB769A2FC0CA2700A386AB = {
						CreatedOnToolsVersion = 26.0;
						TestTargetID = 54DB768D2FC0CA2500A386AB;
					};
					54DB76A42FC0CA2700A386AB = {
						CreatedOnToolsVersion = 26.0;
						TestTargetID = 54DB768D2FC0CA2500A386AB;
					};
				};
			};
			buildConfigurationList = 54DB76892FC0CA2500A386AB /* Build configuration list for PBXProject "VoiceTextApp" */;
			developmentRegion = en;
			hasScannedForEncodings = 0;
			knownRegions = (
				en,
				Base,
			);
			mainGroup = 54DB76852FC0CA2500A386AB;
			minimizedProjectReferenceProxies = 1;
			preferredProjectObjectVersion = 77;
			productRefGroup = 54DB768F2FC0CA2500A386AB /* Products */;
			projectDirPath = "";
			projectRoot = "";
			targets = (
				54DB768D2FC0CA2500A386AB /* VoiceTextApp */,
				54DB769A2FC0CA2700A386AB /* VoiceTextAppTests */,
				54DB76A42FC0CA2700A386AB /* VoiceTextAppUITests */,
			);
		};
/* End PBXProject section */

/* Begin PBXResourcesBuildPhase section */
		54DB768C2FC0CA2500A386AB /* Resources */ = {
			isa = PBXResourcesBuildPhase;
			buildActionMask = 2147483647;
			files = (
			);
			runOnlyForDeploymentPostprocessing = 0;
		};
		54DB76992FC0CA2700A386AB /* Resources */ = {
			isa = PBXResourcesBuildPhase;
			buildActionMask = 2147483647;
			files = (
			);
			runOnlyForDeploymentPostprocessing = 0;
		};
		54DB76A32FC0CA2700A386AB /* Resources */ = {
			isa = PBXResourcesBuildPhase;
			buildActionMask = 2147483647;
			files = (
			);
			runOnlyForDeploymentPostprocessing = 0;
		};
/* End PBXResourcesBuildPhase section */

/* Begin PBXSourcesBuildPhase section */
		54DB768A2FC0CA2500A386AB /* Sources */ = {
			isa = PBXSourcesBuildPhase;
			buildActionMask = 2147483647;
			files = (
			);
			runOnlyForDeploymentPostprocessing = 0;
		};
		54DB76972FC0CA2700A386AB /* Sources */ = {
			isa = PBXSourcesBuildPhase;
			buildActionMask = 2147483647;
			files = (
			);
			runOnlyForDeploymentPostprocessing = 0;
		};
		54DB76A12FC0CA2700A386AB /* Sources */ = {
			isa = PBXSourcesBuildPhase;
			buildActionMask = 2147483647;
			files = (
			);
			runOnlyForDeploymentPostprocessing = 0;
		};
/* End PBXSourcesBuildPhase section */

/* Begin PBXTargetDependency section */
		54DB769D2FC0CA2700A386AB /* PBXTargetDependency */ = {
			isa = PBXTargetDependency;
			target = 54DB768D2FC0CA2500A386AB /* VoiceTextApp */;
			targetProxy = 54DB769C2FC0CA2700A386AB /* PBXContainerItemProxy */;
		};
		54DB76A72FC0CA2700A386AB /* PBXTargetDependency */ = {
			isa = PBXTargetDependency;
			target = 54DB768D2FC0CA2500A386AB /* VoiceTextApp */;
			targetProxy = 54DB76A62FC0CA2700A386AB /* PBXContainerItemProxy */;
		};
/* End PBXTargetDependency section */

/* Begin XCBuildConfiguration section */
		54DB76AD2FC0CA2700A386AB /* Debug */ = {
			isa = XCBuildConfiguration;
			buildSettings = {
				ALWAYS_SEARCH_USER_PATHS = NO;
				ASSETCATALOG_COMPILER_GENERATE_SWIFT_ASSET_SYMBOL_EXTENSIONS = YES;
				CLANG_ANALYZER_NONNULL = YES;
				CLANG_ANALYZER_NUMBER_OBJECT_CONVERSION = YES_AGGRESSIVE;
				CLANG_CXX_LANGUAGE_STANDARD = "gnu++20";
				CLANG_ENABLE_MODULES = YES;
				CLANG_ENABLE_OBJC_ARC = YES;
				CLANG_ENABLE_OBJC_WEAK = YES;
				CLANG_WARN_BLOCK_CAPTURE_AUTORELEASING = YES;
				CLANG_WARN_BOOL_CONVERSION = YES;
				CLANG_WARN_COMMA = YES;
				CLANG_WARN_CONSTANT_CONVERSION = YES;
				CLANG_WARN_DEPRECATED_OBJC_IMPLEMENTATIONS = YES;
				CLANG_WARN_DIRECT_OBJC_ISA_USAGE = YES_ERROR;
				CLANG_WARN_DOCUMENTATION_COMMENTS = YES;
				CLANG_WARN_EMPTY_BODY = YES;
				CLANG_WARN_ENUM_CONVERSION = YES;
				CLANG_WARN_INFINITE_RECURSION = YES;
				CLANG_WARN_INT_CONVERSION = YES;
				CLANG_WARN_NON_LITERAL_NULL_CONVERSION = YES;
				CLANG_WARN_OBJC_IMPLICIT_RETAIN_SELF = YES;
				CLANG_WARN_OBJC_LITERAL_CONVERSION = YES;
				CLANG_WARN_OBJC_ROOT_CLASS = YES_ERROR;
				CLANG_WARN_QUOTED_INCLUDE_IN_FRAMEWORK_HEADER = YES;
				CLANG_WARN_RANGE_LOOP_ANALYSIS = YES;
				CLANG_WARN_STRICT_PROTOTYPES = YES;
				CLANG_WARN_SUSPICIOUS_MOVE = YES;
				CLANG_WARN_UNGUARDED_AVAILABILITY = YES_AGGRESSIVE;
				CLANG_WARN_UNREACHABLE_CODE = YES;
				CLANG_WARN__DUPLICATE_METHOD_MATCH = YES;
				COPY_PHASE_STRIP = NO;
				DEBUG_INFORMATION_FORMAT = dwarf;
				ENABLE_STRICT_OBJC_MSGSEND = YES;
				ENABLE_TESTABILITY = YES;
				ENABLE_USER_SCRIPT_SANDBOXING = YES;
				GCC_C_LANGUAGE_STANDARD = gnu17;
				GCC_DYNAMIC_NO_PIC = NO;
				GCC_NO_COMMON_BLOCKS = YES;
				GCC_OPTIMIZATION_LEVEL = 0;
				GCC_PREPROCESSOR_DEFINITIONS = (
					"DEBUG=1",
					"$(inherited)",
				);
				GCC_WARN_64_TO_32_BIT_CONVERSION = YES;
				GCC_WARN_ABOUT_RETURN_TYPE = YES_ERROR;
				GCC_WARN_UNDECLARED_SELECTOR = YES;
				GCC_WARN_UNINITIALIZED_AUTOS = YES_AGGRESSIVE;
				GCC_WARN_UNUSED_FUNCTION = YES;
				GCC_WARN_UNUSED_VARIABLE = YES;
				IPHONEOS_DEPLOYMENT_TARGET = 26.0;
				LOCALIZATION_PREFERS_STRING_CATALOGS = YES;
				MTL_ENABLE_DEBUG_INFO = INCLUDE_SOURCE;
				MTL_FAST_MATH = YES;
				ONLY_ACTIVE_ARCH = YES;
				SDKROOT = iphoneos;
				SWIFT_ACTIVE_COMPILATION_CONDITIONS = "DEBUG $(inherited)";
				SWIFT_OPTIMIZATION_LEVEL = "-Onone";
			};
			name = Debug;
		};
		54DB76AE2FC0CA2700A386AB /* Release */ = {
			isa = XCBuildConfiguration;
			buildSettings = {
				ALWAYS_SEARCH_USER_PATHS = NO;
				ASSETCATALOG_COMPILER_GENERATE_SWIFT_ASSET_SYMBOL_EXTENSIONS = YES;
				CLANG_ANALYZER_NONNULL = YES;
				CLANG_ANALYZER_NUMBER_OBJECT_CONVERSION = YES_AGGRESSIVE;
				CLANG_CXX_LANGUAGE_STANDARD = "gnu++20";
				CLANG_ENABLE_MODULES = YES;
				CLANG_ENABLE_OBJC_ARC = YES;
				CLANG_ENABLE_OBJC_WEAK = YES;
				CLANG_WARN_BLOCK_CAPTURE_AUTORELEASING = YES;
				CLANG_WARN_BOOL_CONVERSION = YES;
				CLANG_WARN_COMMA = YES;
				CLANG_WARN_CONSTANT_CONVERSION = YES;
				CLANG_WARN_DEPRECATED_OBJC_IMPLEMENTATIONS = YES;
				CLANG_WARN_DIRECT_OBJC_ISA_USAGE = YES_ERROR;
				CLANG_WARN_DOCUMENTATION_COMMENTS = YES;
				CLANG_WARN_EMPTY_BODY = YES;
				CLANG_WARN_ENUM_CONVERSION = YES;
				CLANG_WARN_INFINITE_RECURSION = YES;
				CLANG_WARN_INT_CONVERSION = YES;
				CLANG_WARN_NON_LITERAL_NULL_CONVERSION = YES;
				CLANG_WARN_OBJC_IMPLICIT_RETAIN_SELF = YES;
				CLANG_WARN_OBJC_LITERAL_CONVERSION = YES;
				CLANG_WARN_OBJC_ROOT_CLASS = YES_ERROR;
				CLANG_WARN_QUOTED_INCLUDE_IN_FRAMEWORK_HEADER = YES;
				CLANG_WARN_RANGE_LOOP_ANALYSIS = YES;
				CLANG_WARN_STRICT_PROTOTYPES = YES;
				CLANG_WARN_SUSPICIOUS_MOVE = YES;
				CLANG_WARN_UNGUARDED_AVAILABILITY = YES_AGGRESSIVE;
				CLANG_WARN_UNREACHABLE_CODE = YES;
				CLANG_WARN__DUPLICATE_METHOD_MATCH = YES;
				COPY_PHASE_STRIP = NO;
				DEBUG_INFORMATION_FORMAT = "dwarf-with-dsym";
				ENABLE_NS_ASSERTIONS = NO;
				ENABLE_STRICT_OBJC_MSGSEND = YES;
				ENABLE_USER_SCRIPT_SANDBOXING = YES;
				GCC_C_LANGUAGE_STANDARD = gnu17;
				GCC_NO_COMMON_BLOCKS = YES;
				GCC_WARN_64_TO_32_BIT_CONVERSION = YES;
				GCC_WARN_ABOUT_RETURN_TYPE = YES_ERROR;
				GCC_WARN_UNDECLARED_SELECTOR = YES;
				GCC_WARN_UNINITIALIZED_AUTOS = YES_AGGRESSIVE;
				GCC_WARN_UNUSED_FUNCTION = YES;
				GCC_WARN_UNUSED_VARIABLE = YES;
				IPHONEOS_DEPLOYMENT_TARGET = 26.0;
				LOCALIZATION_PREFERS_STRING_CATALOGS = YES;
				MTL_ENABLE_DEBUG_INFO = NO;
				MTL_FAST_MATH = YES;
				SDKROOT = iphoneos;
				SWIFT_COMPILATION_MODE = wholemodule;
				VALIDATE_PRODUCT = YES;
			};
			name = Release;
		};
		54DB76B02FC0CA2700A386AB /* Debug */ = {
			isa = XCBuildConfiguration;
			buildSettings = {
				ASSETCATALOG_COMPILER_APPICON_NAME = AppIcon;
				ASSETCATALOG_COMPILER_GLOBAL_ACCENT_COLOR_NAME = AccentColor;
				CODE_SIGN_STYLE = Automatic;
				CURRENT_PROJECT_VERSION = 1;
				ENABLE_PREVIEWS = YES;
				GENERATE_INFOPLIST_FILE = YES;
				INFOPLIST_KEY_UIApplicationSceneManifest_Generation = YES;
				INFOPLIST_KEY_UIApplicationSupportsIndirectInputEvents = YES;
				INFOPLIST_KEY_UILaunchScreen_Generation = YES;
				INFOPLIST_KEY_UISupportedInterfaceOrientations_iPad = "UIInterfaceOrientationPortrait UIInterfaceOrientationPortraitUpsideDown UIInterfaceOrientationLandscapeLeft UIInterfaceOrientationLandscapeRight";
				INFOPLIST_KEY_UISupportedInterfaceOrientations_iPhone = "UIInterfaceOrientationPortrait UIInterfaceOrientationLandscapeLeft UIInterfaceOrientationLandscapeRight";
				LD_RUNPATH_SEARCH_PATHS = (
					"$(inherited)",
					"@executable_path/Frameworks",
				);
				MARKETING_VERSION = 1.0;
				PRODUCT_BUNDLE_IDENTIFIER = com.etam25.VoiceTextApp;
				PRODUCT_NAME = "$(TARGET_NAME)";
				STRING_CATALOG_GENERATE_SYMBOLS = YES;
				SWIFT_DEFAULT_ACTOR_ISOLATION = MainActor;
				SWIFT_EMIT_LOC_STRINGS = YES;
				SWIFT_UPCOMING_FEATURE_MEMBER_IMPORT_VISIBILITY = YES;
				SWIFT_VERSION = 5.0;
				TARGETED_DEVICE_FAMILY = "1,2";
			};
			name = Debug;
		};
		54DB76B12FC0CA2700A386AB /* Release */ = {
			isa = XCBuildConfiguration;
			buildSettings = {
				ASSETCATALOG_COMPILER_APPICON_NAME = AppIcon;
				ASSETCATALOG_COMPILER_GLOBAL_ACCENT_COLOR_NAME = AccentColor;
				CODE_SIGN_STYLE = Automatic;
				CURRENT_PROJECT_VERSION = 1;
				ENABLE_PREVIEWS = YES;
				GENERATE_INFOPLIST_FILE = YES;
				INFOPLIST_KEY_UIApplicationSceneManifest_Generation = YES;
				INFOPLIST_KEY_UIApplicationSupportsIndirectInputEvents = YES;
				INFOPLIST_KEY_UILaunchScreen_Generation = YES;
				INFOPLIST_KEY_UISupportedInterfaceOrientations_iPad = "UIInterfaceOrientationPortrait UIInterfaceOrientationPortraitUpsideDown UIInterfaceOrientationLandscapeLeft UIInterfaceOrientationLandscapeRight";
				INFOPLIST_KEY_UISupportedInterfaceOrientations_iPhone = "UIInterfaceOrientationPortrait UIInterfaceOrientationLandscapeLeft UIInterfaceOrientationLandscapeRight";
				LD_RUNPATH_SEARCH_PATHS = (
					"$(inherited)",
					"@executable_path/Frameworks",
				);
				MARKETING_VERSION = 1.0;
				PRODUCT_BUNDLE_IDENTIFIER = com.etam25.VoiceTextApp;
				PRODUCT_NAME = "$(TARGET_NAME)";
				STRING_CATALOG_GENERATE_SYMBOLS = YES;
				SWIFT_DEFAULT_ACTOR_ISOLATION = MainActor;
				SWIFT_EMIT_LOC_STRINGS = YES;
				SWIFT_UPCOMING_FEATURE_MEMBER_IMPORT_VISIBILITY = YES;
				SWIFT_VERSION = 5.0;
				TARGETED_DEVICE_FAMILY = "1,2";
			};
			name = Release;
		};
		54DB76B32FC0CA2700A386AB /* Debug */ = {
			isa = XCBuildConfiguration;
			buildSettings = {
				BUNDLE_LOADER = "$(TEST_HOST)";
				CODE_SIGN_STYLE = Automatic;
				CURRENT_PROJECT_VERSION = 1;
				GENERATE_INFOPLIST_FILE = YES;
				IPHONEOS_DEPLOYMENT_TARGET = 26.0;
				MARKETING_VERSION = 1.0;
				PRODUCT_BUNDLE_IDENTIFIER = com.etam25.VoiceTextAppTests;
				PRODUCT_NAME = "$(TARGET_NAME)";
				STRING_CATALOG_GENERATE_SYMBOLS = NO;
				SWIFT_EMIT_LOC_STRINGS = NO;
				SWIFT_UPCOMING_FEATURE_MEMBER_IMPORT_VISIBILITY = YES;
				SWIFT_VERSION = 5.0;
				TARGETED_DEVICE_FAMILY = "1,2";
				TEST_HOST = "$(BUILT_PRODUCTS_DIR)/VoiceTextApp.app/$(BUNDLE_EXECUTABLE_FOLDER_PATH)/VoiceTextApp";
			};
			name = Debug;
		};
		54DB76B42FC0CA2700A386AB /* Release */ = {
			isa = XCBuildConfiguration;
			buildSettings = {
				BUNDLE_LOADER = "$(TEST_HOST)";
				CODE_SIGN_STYLE = Automatic;
				CURRENT_PROJECT_VERSION = 1;
				GENERATE_INFOPLIST_FILE = YES;
				IPHONEOS_DEPLOYMENT_TARGET = 26.0;
				MARKETING_VERSION = 1.0;
				PRODUCT_BUNDLE_IDENTIFIER = com.etam25.VoiceTextAppTests;
				PRODUCT_NAME = "$(TARGET_NAME)";
				STRING_CATALOG_GENERATE_SYMBOLS = NO;
				SWIFT_EMIT_LOC_STRINGS = NO;
				SWIFT_UPCOMING_FEATURE_MEMBER_IMPORT_VISIBILITY = YES;
				SWIFT_VERSION = 5.0;
				TARGETED_DEVICE_FAMILY = "1,2";
				TEST_HOST = "$(BUILT_PRODUCTS_DIR)/VoiceTextApp.app/$(BUNDLE_EXECUTABLE_FOLDER_PATH)/VoiceTextApp";
			};
			name = Release;
		};
		54DB76B62FC0CA2700A386AB /* Debug */ = {
			isa = XCBuildConfiguration;
			buildSettings = {
				CODE_SIGN_STYLE = Automatic;
				CURRENT_PROJECT_VERSION = 1;
				GENERATE_INFOPLIST_FILE = YES;
				MARKETING_VERSION = 1.0;
				PRODUCT_BUNDLE_IDENTIFIER = com.etam25.VoiceTextAppUITests;
				PRODUCT_NAME = "$(TARGET_NAME)";
				STRING_CATALOG_GENERATE_SYMBOLS = NO;
				SWIFT_EMIT_LOC_STRINGS = NO;
				SWIFT_UPCOMING_FEATURE_MEMBER_IMPORT_VISIBILITY = YES;
				SWIFT_VERSION = 5.0;
				TARGETED_DEVICE_FAMILY = "1,2";
				TEST_TARGET_NAME = VoiceTextApp;
			};
			name = Debug;
		};
		54DB76B72FC0CA2700A386AB /* Release */ = {
			isa = XCBuildConfiguration;
			buildSettings = {
				CODE_SIGN_STYLE = Automatic;
				CURRENT_PROJECT_VERSION = 1;
				GENERATE_INFOPLIST_FILE = YES;
				MARKETING_VERSION = 1.0;
				PRODUCT_BUNDLE_IDENTIFIER = com.etam25.VoiceTextAppUITests;
				PRODUCT_NAME = "$(TARGET_NAME)";
				STRING_CATALOG_GENERATE_SYMBOLS = NO;
				SWIFT_EMIT_LOC_STRINGS = NO;
				SWIFT_UPCOMING_FEATURE_MEMBER_IMPORT_VISIBILITY = YES;
				SWIFT_VERSION = 5.0;
				TARGETED_DEVICE_FAMILY = "1,2";
				TEST_TARGET_NAME = VoiceTextApp;
			};
			name = Release;
		};
/* End XCBuildConfiguration section */

/* Begin XCConfigurationList section */
		54DB76892FC0CA2500A386AB /* Build configuration list for PBXProject "VoiceTextApp" */ = {
			isa = XCConfigurationList;
			buildConfigurations = (
				54DB76AD2FC0CA2700A386AB /* Debug */,
				54DB76AE2FC0CA2700A386AB /* Release */,
			);
			defaultConfigurationIsVisible = 0;
			defaultConfigurationName = Release;
		};
		54DB76AF2FC0CA2700A386AB /* Build configuration list for PBXNativeTarget "VoiceTextApp" */ = {
			isa = XCConfigurationList;
			buildConfigurations = (
				54DB76B02FC0CA2700A386AB /* Debug */,
				54DB76B12FC0CA2700A386AB /* Release */,
			);
			defaultConfigurationIsVisible = 0;
			defaultConfigurationName = Release;
		};
		54DB76B22FC0CA2700A386AB /* Build configuration list for PBXNativeTarget "VoiceTextAppTests" */ = {
			isa = XCConfigurationList;
			buildConfigurations = (
				54DB76B32FC0CA2700A386AB /* Debug */,
				54DB76B42FC0CA2700A386AB /* Release */,
			);
			defaultConfigurationIsVisible = 0;
			defaultConfigurationName = Release;
		};
		54DB76B52FC0CA2700A386AB /* Build configuration list for PBXNativeTarget "VoiceTextAppUITests" */ = {
			isa = XCConfigurationList;
			buildConfigurations = (
				54DB76B62FC0CA2700A386AB /* Debug */,
				54DB76B72FC0CA2700A386AB /* Release */,
			);
			defaultConfigurationIsVisible = 0;
			defaultConfigurationName = Release;
		};
/* End XCConfigurationList section */
	};
	rootObject = 54DB76862FC0CA2500A386AB /* Project object */;
}
